
Microsoft Visual Studio Solution File, Format Version 12.00
# Visual Studio Version 16
VisualStudioVersion = 16.0.32228.343
MinimumVisualStudioVersion = 10.0.40219.1
Project("{FAE04EC0-301F-11D3-BF4B-00C04F79EFBC}") = "Ado.NetDemo", "Ado.NetDemo.csproj", "{1A96B7B4-98AC-46CF-B0E9-6E8725835035}"
EndProject
Global
	GlobalSection(SolutionConfigurationPlatforms) = preSolution
		Debug|Any CPU = Debug|Any CPU
		Release|Any CPU = Release|Any CPU
	EndGlobalSection
	GlobalSection(ProjectConfigurationPlatforms) = postSolution
		{1A96B7B4-98AC-46CF-B0E9-6E8725835035}.Debug|Any CPU.ActiveCfg = Debug|Any CPU
		{1A96B7B4-98AC-46CF-B0E9-6E8725835035}.Debug|Any CPU.Build.0 = Debug|Any CPU
		{1A96B7B4-98AC-46CF-B0E9-6E8725835035}.Release|Any CPU.ActiveCfg = Release|Any CPU
		{1A96B7B4-98AC-46CF-B0E9-6E8725835035}.Release|Any CPU.Build.0 = Release|Any CPU
	EndGlobalSection
	GlobalSection(SolutionProperties) = preSolution
		HideSolutionNode = FALSE
	EndGlobalSection
	GlobalSection(ExtensibilityGlobals) = postSolution
		SolutionGuid = {1BE536D5-5CF0-431A-93C7-BD8AB03669E5}
	EndGlobalSection
EndGlobal
